// !$*UTF8*$!
{
	archiveVersion = 1;
	classes = {
	};
	objectVersion = 77;
	objects = {

/* Begin PBXBuildFile section */
		FB6058882ED817EA00159CA1 /* Nuke in Frameworks */ = {isa = PBXBuildFile; productRef = FB6058872ED817EA00159CA1 /* Nuke */; };
		FB60588A2ED817EA00159CA1 /* NukeUI in Frameworks */ = {isa = PBXBuildFile; productRef = FB6058892ED817EA00159CA1 /* NukeUI */; };
		FB60588D2ED8224800159CA1 /* SDWebImageSwiftUI in Frameworks */ = {isa = PBXBuildFile; productRef = FB60588C2ED8224800159CA1 /* SDWebImageSwiftUI */; };
		FB7F92FD2ED43F1B00B0BD3E /* SwiftSoup in Frameworks */ = {isa = PBXBuildFile; productRef = FB7F92FC2ED43F1B00B0BD3E /* SwiftSoup */; };
		FB7F93052ED43FC300B0BD3E /* Alamofire in Frameworks */ = {isa = PBXBuildFile; productRef = FB7F93042ED43FC300B0BD3E /* Alamofire */; };
		FB7F93142ED45A4C00B0BD3E /* Kingfisher in Frameworks */ = {isa = PBXBuildFile; productRef = FB7F93132ED45A4C00B0BD3E /* Kingfisher */; };
/* End PBXBuildFile section */

/* Begin PBXContainerItemProxy section */
		FB7F92DE2ED43EB100B0BD3E /* PBXContainerItemProxy */ = {
			isa = PBXContainerItemProxy;
			containerPortal = FB7F92C42ED43EAF00B0BD3E /* Project object */;
			proxyType = 1;
			remoteGlobalIDString = FB7F92CB2ED43EAF00B0BD3E;
			remoteInfo = SwiftWuwa;
		};
		FB7F92E82ED43EB100B0BD3E /* PBXContainerItemProxy */ = {
			isa = PBXContainerItemProxy;
			containerPortal = FB7F92C42ED43EAF00B0BD3E /* Project object */;
			proxyType = 1;
			remoteGlobalIDString = FB7F92CB2ED43EAF00B0BD3E;
			remoteInfo = SwiftWuwa;
		};
/* End PBXContainerItemProxy section */

/* Begin PBXFileReference section */
		FB7F92CC2ED43EAF00B0BD3E /* SwiftWuwa.app */ = {isa = PBXFileReference; explicitFileType = wrapper.application; includeInIndex = 0; path = SwiftWuwa.app; sourceTree = BUILT_PRODUCTS_DIR; };
		FB7F92DD2ED43EB100B0BD3E /* SwiftWuwaTests.xctest */ = {isa = PBXFileReference; explicitFileType = wrapper.cfbundle; includeInIndex = 0; path = SwiftWuwaTests.xctest; sourceTree = BUILT_PRODUCTS_DIR; };
		FB7F92E72ED43EB100B0BD3E /* SwiftWuwaUITests.xctest */ = {isa = PBXFileReference; explicitFileType = wrapper.cfbundle; includeInIndex = 0; path = SwiftWuwaUITests.xctest; sourceTree = BUILT_PRODUCTS_DIR; };
/* End PBXFileReference section */

/* Begin PBXFileSystemSynchronizedBuildFileExceptionSet section */
		FB7F92EF2ED43EB100B0BD3E /* Exceptions for "SwiftWuwa" folder in "SwiftWuwa" target */ = {
			isa = PBXFileSystemSynchronizedBuildFileExceptionSet;
			membershipExceptions = (
				Info.plist,
			);
			target = FB7F92CB2ED43EAF00B0BD3E /* SwiftWuwa */;
		};
/* End PBXFileSystemSynchronizedBuildFileExceptionSet section */

/* Begin PBXFileSystemSynchronizedRootGroup section */
		FB7F92CE2ED43EAF00B0BD3E /* SwiftWuwa */ = {
			isa = PBXFileSystemSynchronizedRootGroup;
			exceptions = (
				FB7F92EF2ED43EB100B0BD3E /* Exceptions for "SwiftWuwa" folder in "SwiftWuwa" target */,
			);
			path = SwiftWuwa;
			sourceTree = "<group>";
		};
		FB7F92E02ED43EB100B0BD3E /* SwiftWuwaTests */ = {
			isa = PBXFileSystemSynchronizedRootGroup;
			path = SwiftWuwaTests;
			sourceTree = "<group>";
		};
		FB7F92EA2ED43EB100B0BD3E /* SwiftWuwaUITests */ = {
			isa = PBXFileSystemSynchronizedRootGroup;
			path = SwiftWuwaUITests;
			sourceTree = "<group>";
		};
/* End PBXFileSystemSynchronizedRootGroup section */

/* Begin PBXFrameworksBuildPhase section */
		FB7F92C92ED43EAF00B0BD3E /* Frameworks */ = {
			isa = PBXFrameworksBuildPhase;
			buildActionMask = 2147483647;
			files = (
				FB60588D2ED8224800159CA1 /* SDWebImageSwiftUI in Frameworks */,
				FB60588A2ED817EA00159CA1 /* NukeUI in Frameworks */,
				FB7F93142ED45A4C00B0BD3E /* Kingfisher in Frameworks */,
				FB7F92FD2ED43F1B00B0BD3E /* SwiftSoup in Frameworks */,
				FB7F93052ED43FC300B0BD3E /* Alamofire in Frameworks */,
				FB6058882ED817EA00159CA1 /* Nuke in Frameworks */,
			);
			runOnlyForDeploymentPostprocessing = 0;
		};
		FB7F92DA2ED43EB100B0BD3E /* Frameworks */ = {
			isa = PBXFrameworksBuildPhase;
			buildActionMask = 2147483647;
			files = (
			);
			runOnlyForDeploymentPostprocessing = 0;
		};
		FB7F92E42ED43EB100B0BD3E /* Frameworks */ = {
			isa = PBXFrameworksBuildPhase;
			buildActionMask = 2147483647;
			files = (
			);
			runOnlyForDeploymentPostprocessing = 0;
		};
/* End PBXFrameworksBuildPhase section */

/* Begin PBXGroup section */
		FB7F92C32ED43EAF00B0BD3E = {
			isa = PBXGroup;
			children = (
				FB7F92CE2ED43EAF00B0BD3E /* SwiftWuwa */,
				FB7F92E02ED43EB100B0BD3E /* SwiftWuwaTests */,
				FB7F92EA2ED43EB100B0BD3E /* SwiftWuwaUITests */,
				FB7F92CD2ED43EAF00B0BD3E /* Products */,
			);
			sourceTree = "<group>";
		};
		FB7F92CD2ED43EAF00B0BD3E /* Products */ = {
			isa = PBXGroup;
			children = (
				FB7F92CC2ED43EAF00B0BD3E /* SwiftWuwa.app */,
				FB7F92DD2ED43EB100B0BD3E /* SwiftWuwaTests.xctest */,
				FB7F92E72ED43EB100B0BD3E /* SwiftWuwaUITests.xctest */,
			);
			name = Products;
			sourceTree = "<group>";
		};
/* End PBXGroup section */

/* Begin PBXNativeTarget section */
		FB7F92CB2ED43EAF00B0BD3E /* SwiftWuwa */ = {
			isa = PBXNativeTarget;
			buildConfigurationList = FB7F92F02ED43EB100B0BD3E /* Build configuration list for PBXNativeTarget "SwiftWuwa" */;
			buildPhases = (
				FB7F92C82ED43EAF00B0BD3E /* Sources */,
				FB7F92C92ED43EAF00B0BD3E /* Frameworks */,
				FB7F92CA2ED43EAF00B0BD3E /* Resources */,
			);
			buildRules = (
			);
			dependencies = (
			);
			fileSystemSynchronizedGroups = (
				FB7F92CE2ED43EAF00B0BD3E /* SwiftWuwa */,
			);
			name = SwiftWuwa;
			packageProductDependencies = (
				FB7F92FC2ED43F1B00B0BD3E /* SwiftSoup */,
				FB7F93042ED43FC300B0BD3E /* Alamofire */,
				FB7F93132ED45A4C00B0BD3E /* Kingfisher */,
				FB6058872ED817EA00159CA1 /* Nuke */,
				FB6058892ED817EA00159CA1 /* NukeUI */,
				FB60588C2ED8224800159CA1 /* SDWebImageSwiftUI */,
			);
			productName = SwiftWuwa;
			productReference = FB7F92CC2ED43EAF00B0BD3E /* SwiftWuwa.app */;
			productType = "com.apple.product-type.application";
		};
		FB7F92DC2ED43EB100B0BD3E /* SwiftWuwaTests */ = {
			isa = PBXNativeTarget;
			buildConfigurationList = FB7F92F52ED43EB100B0BD3E /* Build configuration list for PBXNativeTarget "SwiftWuwaTests" */;
			buildPhases = (
				FB7F92D92ED43EB100B0BD3E /* Sources */,
				FB7F92DA2ED43EB100B0BD3E /* Frameworks */,
				FB7F92DB2ED43EB100B0BD3E /* Resources */,
			);
			buildRules = (
			);
			dependencies = (
				FB7F92DF2ED43EB100B0BD3E /* PBXTargetDependency */,
			);
			fileSystemSynchronizedGroups = (
				FB7F92E02ED43EB100B0BD3E /* SwiftWuwaTests */,
			);
			name = SwiftWuwaTests;
			packageProductDependencies = (
			);
			productName = SwiftWuwaTests;
			productReference = FB7F92DD2ED43EB100B0BD3E /* SwiftWuwaTests.xctest */;
			productType = "com.apple.product-type.bundle.unit-test";
		};
		FB7F92E62ED43EB100B0BD3E /* SwiftWuwaUITests */ = {
			isa = PBXNativeTarget;
			buildConfigurationList = FB7F92F82ED43EB100B0BD3E /* Build configuration list for PBXNativeTarget "SwiftWuwaUITests" */;
			buildPhases = (
				FB7F92E32ED43EB100B0BD3E /* Sources */,
				FB7F92E42ED43EB100B0BD3E /* Frameworks */,
				FB7F92E52ED43EB100B0BD3E /* Resources */,
			);
			buildRules = (
			);
			dependencies = (
				FB7F92E92ED43EB100B0BD3E /* PBXTargetDependency */,
			);
			fileSystemSynchronizedGroups = (
				FB7F92EA2ED43EB100B0BD3E /* SwiftWuwaUITests */,
			);
			name = SwiftWuwaUITests;
			packageProductDependencies = (
			);
			productName = SwiftWuwaUITests;
			productReference = FB7F92E72ED43EB100B0BD3E /* SwiftWuwaUITests.xctest */;
			productType = "com.apple.product-type.bundle.ui-testing";
		};
/* End PBXNativeTarget section */

/* Begin PBXProject section */
		FB7F92C42ED43EAF00B0BD3E /* Project object */ = {
			isa = PBXProject;
			attributes = {
				BuildIndependentTargetsInParallel = 1;
				LastSwiftUpdateCheck = 2610;
				LastUpgradeCheck = 2610;
				TargetAttributes = {
					FB7F92CB2ED43EAF00B0BD3E = {
						CreatedOnToolsVersion = 26.1.1;
					};
					FB7F92DC2ED43EB100B0BD3E = {
						CreatedOnToolsVersion = 26.1.1;
						TestTargetID = FB7F92CB2ED43EAF00B0BD3E;
					};
					FB7F92E62ED43EB100B0BD3E = {
						CreatedOnToolsVersion = 26.1.1;
						TestTargetID = FB7F92CB2ED43EAF00B0BD3E;
					};
				};
			};
			buildConfigurationList = FB7F92C72ED43EAF00B0BD3E /* Build configuration list for PBXProject "SwiftWuwa" */;
			developmentRegion = en;
			hasScannedForEncodings = 0;
			knownRegions = (
				en,
				Base,
			);
			mainGroup = FB7F92C32ED43EAF00B0BD3E;
			minimizedProjectReferenceProxies = 1;
			packageReferences = (
				FB7F92FB2ED43F1B00B0BD3E /* XCRemoteSwiftPackageReference "SwiftSoup" */,
				FB7F93032ED43FC300B0BD3E /* XCRemoteSwiftPackageReference "Alamofire" */,
				FB7F93122ED45A4C00B0BD3E /* XCRemoteSwiftPackageReference "Kingfisher" */,
				FB6058862ED817EA00159CA1 /* XCRemoteSwiftPackageReference "Nuke" */,
				FB60588B2ED8224800159CA1 /* XCRemoteSwiftPackageReference "SDWebImageSwiftUI" */,
			);
			preferredProjectObjectVersion = 77;
			productRefGroup = FB7F92CD2ED43EAF00B0BD3E /* Products */;
			projectDirPath = "";
			projectRoot = "";
			targets = (
				FB7F92CB2ED43EAF00B0BD3E /* SwiftWuwa */,
				FB7F92DC2ED43EB100B0BD3E /* SwiftWuwaTests */,
				FB7F92E62ED43EB100B0BD3E /* SwiftWuwaUITests */,
			);
		};
/* End PBXProject section */

/* Begin PBXResourcesBuildPhase section */
		FB7F92CA2ED43EAF00B0BD3E /* Resources */ = {
			isa = PBXResourcesBuildPhase;
			buildActionMask = 2147483647;
			files = (
			);
			runOnlyForDeploymentPostprocessing = 0;
		};
		FB7F92DB2ED43EB100B0BD3E /* Resources */ = {
			isa = PBXResourcesBuildPhase;
			buildActionMask = 2147483647;
			files = (
			);
			runOnlyForDeploymentPostprocessing = 0;
		};
		FB7F92E52ED43EB100B0BD3E /* Resources */ = {
			isa = PBXResourcesBuildPhase;
			buildActionMask = 2147483647;
			files = (
			);
			runOnlyForDeploymentPostprocessing = 0;
		};
/* End PBXResourcesBuildPhase section */

/* Begin PBXSourcesBuildPhase section */
		FB7F92C82ED43EAF00B0BD3E /* Sources */ = {
			isa = PBXSourcesBuildPhase;
			buildActionMask = 2147483647;
			files = (
			);
			runOnlyForDeploymentPostprocessing = 0;
		};
		FB7F92D92ED43EB100B0BD3E /* Sources */ = {
			isa = PBXSourcesBuildPhase;
			buildActionMask = 2147483647;
			files = (
			);
			runOnlyForDeploymentPostprocessing = 0;
		};
		FB7F92E32ED43EB100B0BD3E /* Sources */ = {
			isa = PBXSourcesBuildPhase;
			buildActionMask = 2147483647;
			files = (
			);
			runOnlyForDeploymentPostprocessing = 0;
		};
/* End PBXSourcesBuildPhase section */

/* Begin PBXTargetDependency section */
		FB7F92DF2ED43EB100B0BD3E /* PBXTargetDependency */ = {
			isa = PBXTargetDependency;
			target = FB7F92CB2ED43EAF00B0BD3E /* SwiftWuwa */;
			targetProxy = FB7F92DE2ED43EB100B0BD3E /* PBXContainerItemProxy */;
		};
		FB7F92E92ED43EB100B0BD3E /* PBXTargetDependency */ = {
			isa = PBXTargetDependency;
			target = FB7F92CB2ED43EAF00B0BD3E /* SwiftWuwa */;
			targetProxy = FB7F92E82ED43EB100B0BD3E /* PBXContainerItemProxy */;
		};
/* End PBXTargetDependency section */

/* Begin XCBuildConfiguration section */
		FB7F92F12ED43EB100B0BD3E /* Debug */ = {
			isa = XCBuildConfiguration;
			buildSettings = {
				ASSETCATALOG_COMPILER_APPICON_NAME = AppIcon;
				ASSETCATALOG_COMPILER_GLOBAL_ACCENT_COLOR_NAME = AccentColor;
				CODE_SIGN_STYLE = Automatic;
				CURRENT_PROJECT_VERSION = 1;
				DEVELOPMENT_TEAM = 3XN8RD2554;
				ENABLE_APP_SANDBOX = YES;
				ENABLE_HARDENED_RUNTIME = YES;
				ENABLE_INCOMING_NETWORK_CONNECTIONS = NO;
				ENABLE_OUTGOING_NETWORK_CONNECTIONS = YES;
				ENABLE_PREVIEWS = YES;
				ENABLE_RESOURCE_ACCESS_AUDIO_INPUT = NO;
				ENABLE_RESOURCE_ACCESS_BLUETOOTH = NO;
				ENABLE_RESOURCE_ACCESS_CALENDARS = NO;
				ENABLE_RESOURCE_ACCESS_CAMERA = NO;
				ENABLE_RESOURCE_ACCESS_CONTACTS = NO;
				ENABLE_RESOURCE_ACCESS_LOCATION = NO;
				ENABLE_RESOURCE_ACCESS_PRINTING = NO;
				ENABLE_RESOURCE_ACCESS_USB = NO;
				ENABLE_USER_SELECTED_FILES = readonly;
				GENERATE_INFOPLIST_FILE = YES;
				INFOPLIST_FILE = SwiftWuwa/Info.plist;
				"INFOPLIST_KEY_UIApplicationSceneManifest_Generation[sdk=iphoneos*]" = YES;
				"INFOPLIST_KEY_UIApplicationSceneManifest_Generation[sdk=iphonesimulator*]" = YES;
				"INFOPLIST_KEY_UIApplicationSupportsIndirectInputEvents[sdk=iphoneos*]" = YES;
				"INFOPLIST_KEY_UIApplicationSupportsIndirectInputEvents[sdk=iphonesimulator*]" = YES;
				"INFOPLIST_KEY_UILaunchScreen_Generation[sdk=iphoneos*]" = YES;
				"INFOPLIST_KEY_UILaunchScreen_Generation[sdk=iphonesimulator*]" = YES;
				"INFOPLIST_KEY_UIStatusBarStyle[sdk=iphoneos*]" = UIStatusBarStyleDefault;
				"INFOPLIST_KEY_UIStatusBarStyle[sdk=iphonesimulator*]" = UIStatusBarStyleDefault;
				INFOPLIST_KEY_UISupportedInterfaceOrientations_iPad = "UIInterfaceOrientationPortrait UIInterfaceOrientationPortraitUpsideDown UIInterfaceOrientationLandscapeLeft UIInterfaceOrientationLandscapeRight";
				INFOPLIST_KEY_UISupportedInterfaceOrientations_iPhone = "UIInterfaceOrientationPortrait UIInterfaceOrientationLandscapeLeft UIInterfaceOrientationLandscapeRight";
				IPHONEOS_DEPLOYMENT_TARGET = 26.1;
				LD_RUNPATH_SEARCH_PATHS = "@executable_path/Frameworks";
				"LD_RUNPATH_SEARCH_PATHS[sdk=macosx*]" = "@executable_path/../Frameworks";
				MACOSX_DEPLOYMENT_TARGET = 26.1;
				MARKETING_VERSION = 1.0;
				PRODUCT_BUNDLE_IDENTIFIER = com.wangqiyang.SwiftWuwa;
				PRODUCT_NAME = "$(TARGET_NAME)";
				REGISTER_APP_GROUPS = YES;
				SDKROOT = auto;
				STRING_CATALOG_GENERATE_SYMBOLS = YES;
				SUPPORTED_PLATFORMS = "iphoneos iphonesimulator macosx xros xrsimulator";
				SWIFT_APPROACHABLE_CONCURRENCY = YES;
				SWIFT_DEFAULT_ACTOR_ISOLATION = MainActor;
				SWIFT_EMIT_LOC_STRINGS = YES;
				SWIFT_UPCOMING_FEATURE_MEMBER_IMPORT_VISIBILITY = YES;
				SWIFT_VERSION = 5.0;
				TARGETED_DEVICE_FAMILY = "1,2,7";
				XROS_DEPLOYMENT_TARGET = 26.1;
			};
			name = Debug;
		};
		FB7F92F22ED43EB100B0BD3E /* Release */ = {
			isa = XCBuildConfiguration;
			buildSettings = {
				ASSETCATALOG_COMPILER_APPICON_NAME = AppIcon;
				ASSETCATALOG_COMPILER_GLOBAL_ACCENT_COLOR_NAME = AccentColor;
				CODE_SIGN_STYLE = Automatic;
				CURRENT_PROJECT_VERSION = 1;
				DEVELOPMENT_TEAM = 3XN8RD2554;
				ENABLE_APP_SANDBOX = YES;
				ENABLE_HARDENED_RUNTIME = YES;
				ENABLE_INCOMING_NETWORK_CONNECTIONS = NO;
				ENABLE_OUTGOING_NETWORK_CONNECTIONS = YES;
				ENABLE_PREVIEWS = YES;
				ENABLE_RESOURCE_ACCESS_AUDIO_INPUT = NO;
				ENABLE_RESOURCE_ACCESS_BLUETOOTH = NO;
				ENABLE_RESOURCE_ACCESS_CALENDARS = NO;
				ENABLE_RESOURCE_ACCESS_CAMERA = NO;
				ENABLE_RESOURCE_ACCESS_CONTACTS = NO;
				ENABLE_RESOURCE_ACCESS_LOCATION = NO;
				ENABLE_RESOURCE_ACCESS_PRINTING = NO;
				ENABLE_RESOURCE_ACCESS_USB = NO;
				ENABLE_USER_SELECTED_FILES = readonly;
				GENERATE_INFOPLIST_FILE = YES;
				INFOPLIST_FILE = SwiftWuwa/Info.plist;
				"INFOPLIST_KEY_UIApplicationSceneManifest_Generation[sdk=iphoneos*]" = YES;
				"INFOPLIST_KEY_UIApplicationSceneManifest_Generation[sdk=iphonesimulator*]" = YES;
				"INFOPLIST_KEY_UIApplicationSupportsIndirectInputEvents[sdk=iphoneos*]" = YES;
				"INFOPLIST_KEY_UIApplicationSupportsIndirectInputEvents[sdk=iphonesimulator*]" = YES;
				"INFOPLIST_KEY_UILaunchScreen_Generation[sdk=iphoneos*]" = YES;
				"INFOPLIST_KEY_UILaunchScreen_Generation[sdk=iphonesimulator*]" = YES;
				"INFOPLIST_KEY_UIStatusBarStyle[sdk=iphoneos*]" = UIStatusBarStyleDefault;
				"INFOPLIST_KEY_UIStatusBarStyle[sdk=iphonesimulator*]" = UIStatusBarStyleDefault;
				INFOPLIST_KEY_UISupportedInterfaceOrientations_iPad = "UIInterfaceOrientationPortrait UIInterfaceOrientationPortraitUpsideDown UIInterfaceOrientationLandscapeLeft UIInterfaceOrientationLandscapeRight";
				INFOPLIST_KEY_UISupportedInterfaceOrientations_iPhone = "UIInterfaceOrientationPortrait UIInterfaceOrientationLandscapeLeft UIInterfaceOrientationLandscapeRight";
				IPHONEOS_DEPLOYMENT_TARGET = 26.1;
				LD_RUNPATH_SEARCH_PATHS = "@executable_path/Frameworks";
				"LD_RUNPATH_SEARCH_PATHS[sdk=macosx*]" = "@executable_path/../Frameworks";
				MACOSX_DEPLOYMENT_TARGET = 26.1;
				MARKETING_VERSION = 1.0;
				PRODUCT_BUNDLE_IDENTIFIER = com.wangqiyang.SwiftWuwa;
				PRODUCT_NAME = "$(TARGET_NAME)";
				REGISTER_APP_GROUPS = YES;
				SDKROOT = auto;
				STRING_CATALOG_GENERATE_SYMBOLS = YES;
				SUPPORTED_PLATFORMS = "iphoneos iphonesimulator macosx xros xrsimulator";
				SWIFT_APPROACHABLE_CONCURRENCY = YES;
				SWIFT_DEFAULT_ACTOR_ISOLATION = MainActor;
				SWIFT_EMIT_LOC_STRINGS = YES;
				SWIFT_UPCOMING_FEATURE_MEMBER_IMPORT_VISIBILITY = YES;
				SWIFT_VERSION = 5.0;
				TARGETED_DEVICE_FAMILY = "1,2,7";
				XROS_DEPLOYMENT_TARGET = 26.1;
			};
			name = Release;
		};
		FB7F92F32ED43EB100B0BD3E /* Debug */ = {
			isa = XCBuildConfiguration;
			buildSettings = {
				ALWAYS_SEARCH_USER_PATHS = NO;
				ASSETCATALOG_COMPILER_GENERATE_SWIFT_ASSET_SYMBOL_EXTENSIONS = YES;
				CLANG_ANALYZER_NONNULL = YES;
				CLANG_ANALYZER_NUMBER_OBJECT_CONVERSION = YES_AGGRESSIVE;
				CLANG_CXX_LANGUAGE_STANDARD = "gnu++20";
				CLANG_ENABLE_MODULES = YES;
				CLANG_ENABLE_OBJC_ARC = YES;
				CLANG_ENABLE_OBJC_WEAK = YES;
				CLANG_WARN_BLOCK_CAPTURE_AUTORELEASING = YES;
				CLANG_WARN_BOOL_CONVERSION = YES;
				CLANG_WARN_COMMA = YES;
				CLANG_WARN_CONSTANT_CONVERSION = YES;
				CLANG_WARN_DEPRECATED_OBJC_IMPLEMENTATIONS = YES;
				CLANG_WARN_DIRECT_OBJC_ISA_USAGE = YES_ERROR;
				CLANG_WARN_DOCUMENTATION_COMMENTS = YES;
				CLANG_WARN_EMPTY_BODY = YES;
				CLANG_WARN_ENUM_CONVERSION = YES;
				CLANG_WARN_INFINITE_RECURSION = YES;
				CLANG_WARN_INT_CONVERSION = YES;
				CLANG_WARN_NON_LITERAL_NULL_CONVERSION = YES;
				CLANG_WARN_OBJC_IMPLICIT_RETAIN_SELF = YES;
				CLANG_WARN_OBJC_LITERAL_CONVERSION = YES;
				CLANG_WARN_OBJC_ROOT_CLASS = YES_ERROR;
				CLANG_WARN_QUOTED_INCLUDE_IN_FRAMEWORK_HEADER = YES;
				CLANG_WARN_RANGE_LOOP_ANALYSIS = YES;
				CLANG_WARN_STRICT_PROTOTYPES = YES;
				CLANG_WARN_SUSPICIOUS_MOVE = YES;
				CLANG_WARN_UNGUARDED_AVAILABILITY = YES_AGGRESSIVE;
				CLANG_WARN_UNREACHABLE_CODE = YES;
				CLANG_WARN__DUPLICATE_METHOD_MATCH = YES;
				COPY_PHASE_STRIP = NO;
				DEBUG_INFORMATION_FORMAT = dwarf;
				DEVELOPMENT_TEAM = 3XN8RD2554;
				ENABLE_STRICT_OBJC_MSGSEND = YES;
				ENABLE_TESTABILITY = YES;
				ENABLE_USER_SCRIPT_SANDBOXING = YES;
				GCC_C_LANGUAGE_STANDARD = gnu17;
				GCC_DYNAMIC_NO_PIC = NO;
				GCC_NO_COMMON_BLOCKS = YES;
				GCC_OPTIMIZATION_LEVEL = 0;
				GCC_PREPROCESSOR_DEFINITIONS = (
					"DEBUG=1",
					"$(inherited)",
				);
				GCC_WARN_64_TO_32_BIT_CONVERSION = YES;
				GCC_WARN_ABOUT_RETURN_TYPE = YES_ERROR;
				GCC_WARN_UNDECLARED_SELECTOR = YES;
				GCC_WARN_UNINITIALIZED_AUTOS = YES_AGGRESSIVE;
				GCC_WARN_UNUSED_FUNCTION = YES;
				GCC_WARN_UNUSED_VARIABLE = YES;
				LOCALIZATION_PREFERS_STRING_CATALOGS = YES;
				MTL_ENABLE_DEBUG_INFO = INCLUDE_SOURCE;
				MTL_FAST_MATH = YES;
				ONLY_ACTIVE_ARCH = YES;
				SWIFT_ACTIVE_COMPILATION_CONDITIONS = "DEBUG $(inherited)";
				SWIFT_OPTIMIZATION_LEVEL = "-Onone";
			};
			name = Debug;
		};
		FB7F92F42ED43EB100B0BD3E /* Release */ = {
			isa = XCBuildConfiguration;
			buildSettings = {
				ALWAYS_SEARCH_USER_PATHS = NO;
				ASSETCATALOG_COMPILER_GENERATE_SWIFT_ASSET_SYMBOL_EXTENSIONS = YES;
				CLANG_ANALYZER_NONNULL = YES;
				CLANG_ANALYZER_NUMBER_OBJECT_CONVERSION = YES_AGGRESSIVE;
				CLANG_CXX_LANGUAGE_STANDARD = "gnu++20";
				CLANG_ENABLE_MODULES = YES;
				CLANG_ENABLE_OBJC_ARC = YES;
				CLANG_ENABLE_OBJC_WEAK = YES;
				CLANG_WARN_BLOCK_CAPTURE_AUTORELEASING = YES;
				CLANG_WARN_BOOL_CONVERSION = YES;
				CLANG_WARN_COMMA = YES;
				CLANG_WARN_CONSTANT_CONVERSION = YES;
				CLANG_WARN_DEPRECATED_OBJC_IMPLEMENTATIONS = YES;
				CLANG_WARN_DIRECT_OBJC_ISA_USAGE = YES_ERROR;
				CLANG_WARN_DOCUMENTATION_COMMENTS = YES;
				CLANG_WARN_EMPTY_BODY = YES;
				CLANG_WARN_ENUM_CONVERSION = YES;
				CLANG_WARN_INFINITE_RECURSION = YES;
				CLANG_WARN_INT_CONVERSION = YES;
				CLANG_WARN_NON_LITERAL_NULL_CONVERSION = YES;
				CLANG_WARN_OBJC_IMPLICIT_RETAIN_SELF = YES;
				CLANG_WARN_OBJC_LITERAL_CONVERSION = YES;
				CLANG_WARN_OBJC_ROOT_CLASS = YES_ERROR;
				CLANG_WARN_QUOTED_INCLUDE_IN_FRAMEWORK_HEADER = YES;
				CLANG_WARN_RANGE_LOOP_ANALYSIS = YES;
				CLANG_WARN_STRICT_PROTOTYPES = YES;
				CLANG_WARN_SUSPICIOUS_MOVE = YES;
				CLANG_WARN_UNGUARDED_AVAILABILITY = YES_AGGRESSIVE;
				CLANG_WARN_UNREACHABLE_CODE = YES;
				CLANG_WARN__DUPLICATE_METHOD_MATCH = YES;
				COPY_PHASE_STRIP = NO;
				DEBUG_INFORMATION_FORMAT = "dwarf-with-dsym";
				DEVELOPMENT_TEAM = 3XN8RD2554;
				ENABLE_NS_ASSERTIONS = NO;
				ENABLE_STRICT_OBJC_MSGSEND = YES;
				ENABLE_USER_SCRIPT_SANDBOXING = YES;
				GCC_C_LANGUAGE_STANDARD = gnu17;
				GCC_NO_COMMON_BLOCKS = YES;
				GCC_WARN_64_TO_32_BIT_CONVERSION = YES;
				GCC_WARN_ABOUT_RETURN_TYPE = YES_ERROR;
				GCC_WARN_UNDECLARED_SELECTOR = YES;
				GCC_WARN_UNINITIALIZED_AUTOS = YES_AGGRESSIVE;
				GCC_WARN_UNUSED_FUNCTION = YES;
				GCC_WARN_UNUSED_VARIABLE = YES;
				LOCALIZATION_PREFERS_STRING_CATALOGS = YES;
				MTL_ENABLE_DEBUG_INFO = NO;
				MTL_FAST_MATH = YES;
				SWIFT_COMPILATION_MODE = wholemodule;
			};
			name = Release;
		};
		FB7F92F62ED43EB100B0BD3E /* Debug */ = {
			isa = XCBuildConfiguration;
			buildSettings = {
				BUNDLE_LOADER = "$(TEST_HOST)";
				CODE_SIGN_STYLE = Automatic;
				CURRENT_PROJECT_VERSION = 1;
				DEVELOPMENT_TEAM = 3XN8RD2554;
				GENERATE_INFOPLIST_FILE = YES;
				IPHONEOS_DEPLOYMENT_TARGET = 26.1;
				MACOSX_DEPLOYMENT_TARGET = 26.1;
				MARKETING_VERSION = 1.0;
				PRODUCT_BUNDLE_IDENTIFIER = com.wangqiyang.SwiftWuwaTests;
				PRODUCT_NAME = "$(TARGET_NAME)";
				SDKROOT = auto;
				STRING_CATALOG_GENERATE_SYMBOLS = NO;
				SUPPORTED_PLATFORMS = "iphoneos iphonesimulator macosx xros xrsimulator";
				SWIFT_APPROACHABLE_CONCURRENCY = YES;
				SWIFT_EMIT_LOC_STRINGS = NO;
				SWIFT_UPCOMING_FEATURE_MEMBER_IMPORT_VISIBILITY = YES;
				SWIFT_VERSION = 5.0;
				TARGETED_DEVICE_FAMILY = "1,2,7";
				TEST_HOST = "$(BUILT_PRODUCTS_DIR)/SwiftWuwa.app/$(BUNDLE_EXECUTABLE_FOLDER_PATH)/SwiftWuwa";
				XROS_DEPLOYMENT_TARGET = 26.1;
			};
			name = Debug;
		};
		FB7F92F72ED43EB100B0BD3E /* Release */ = {
			isa = XCBuildConfiguration;
			buildSettings = {
				BUNDLE_LOADER = "$(TEST_HOST)";
				CODE_SIGN_STYLE = Automatic;
				CURRENT_PROJECT_VERSION = 1;
				DEVELOPMENT_TEAM = 3XN8RD2554;
				GENERATE_INFOPLIST_FILE = YES;
				IPHONEOS_DEPLOYMENT_TARGET = 26.1;
				MACOSX_DEPLOYMENT_TARGET = 26.1;
				MARKETING_VERSION = 1.0;
				PRODUCT_BUNDLE_IDENTIFIER = com.wangqiyang.SwiftWuwaTests;
				PRODUCT_NAME = "$(TARGET_NAME)";
				SDKROOT = auto;
				STRING_CATALOG_GENERATE_SYMBOLS = NO;
				SUPPORTED_PLATFORMS = "iphoneos iphonesimulator macosx xros xrsimulator";
				SWIFT_APPROACHABLE_CONCURRENCY = YES;
				SWIFT_EMIT_LOC_STRINGS = NO;
				SWIFT_UPCOMING_FEATURE_MEMBER_IMPORT_VISIBILITY = YES;
				SWIFT_VERSION = 5.0;
				TARGETED_DEVICE_FAMILY = "1,2,7";
				TEST_HOST = "$(BUILT_PRODUCTS_DIR)/SwiftWuwa.app/$(BUNDLE_EXECUTABLE_FOLDER_PATH)/SwiftWuwa";
				XROS_DEPLOYMENT_TARGET = 26.1;
			};
			name = Release;
		};
		FB7F92F92ED43EB100B0BD3E /* Debug */ = {
			isa = XCBuildConfiguration;
			buildSettings = {
				CODE_SIGN_STYLE = Automatic;
				CURRENT_PROJECT_VERSION = 1;
				DEVELOPMENT_TEAM = 3XN8RD2554;
				GENERATE_INFOPLIST_FILE = YES;
				IPHONEOS_DEPLOYMENT_TARGET = 26.1;
				MACOSX_DEPLOYMENT_TARGET = 26.1;
				MARKETING_VERSION = 1.0;
				PRODUCT_BUNDLE_IDENTIFIER = com.wangqiyang.SwiftWuwaUITests;
				PRODUCT_NAME = "$(TARGET_NAME)";
				SDKROOT = auto;
				STRING_CATALOG_GENERATE_SYMBOLS = NO;
				SUPPORTED_PLATFORMS = "iphoneos iphonesimulator macosx xros xrsimulator";
				SWIFT_APPROACHABLE_CONCURRENCY = YES;
				SWIFT_EMIT_LOC_STRINGS = NO;
				SWIFT_UPCOMING_FEATURE_MEMBER_IMPORT_VISIBILITY = YES;
				SWIFT_VERSION = 5.0;
				TARGETED_DEVICE_FAMILY = "1,2,7";
				TEST_TARGET_NAME = SwiftWuwa;
				XROS_DEPLOYMENT_TARGET = 26.1;
			};
			name = Debug;
		};
		FB7F92FA2ED43EB100B0BD3E /* Release */ = {
			isa = XCBuildConfiguration;
			buildSettings = {
				CODE_SIGN_STYLE = Automatic;
				CURRENT_PROJECT_VERSION = 1;
				DEVELOPMENT_TEAM = 3XN8RD2554;
				GENERATE_INFOPLIST_FILE = YES;
				IPHONEOS_DEPLOYMENT_TARGET = 26.1;
				MACOSX_DEPLOYMENT_TARGET = 26.1;
				MARKETING_VERSION = 1.0;
				PRODUCT_BUNDLE_IDENTIFIER = com.wangqiyang.SwiftWuwaUITests;
				PRODUCT_NAME = "$(TARGET_NAME)";
				SDKROOT = auto;
				STRING_CATALOG_GENERATE_SYMBOLS = NO;
				SUPPORTED_PLATFORMS = "iphoneos iphonesimulator macosx xros xrsimulator";
				SWIFT_APPROACHABLE_CONCURRENCY = YES;
				SWIFT_EMIT_LOC_STRINGS = NO;
				SWIFT_UPCOMING_FEATURE_MEMBER_IMPORT_VISIBILITY = YES;
				SWIFT_VERSION = 5.0;
				TARGETED_DEVICE_FAMILY = "1,2,7";
				TEST_TARGET_NAME = SwiftWuwa;
				XROS_DEPLOYMENT_TARGET = 26.1;
			};
			name = Release;
		};
/* End XCBuildConfiguration section */

/* Begin XCConfigurationList section */
		FB7F92C72ED43EAF00B0BD3E /* Build configuration list for PBXProject "SwiftWuwa" */ = {
			isa = XCConfigurationList;
			buildConfigurations = (
				FB7F92F32ED43EB100B0BD3E /* Debug */,
				FB7F92F42ED43EB100B0BD3E /* Release */,
			);
			defaultConfigurationIsVisible = 0;
			defaultConfigurationName = Release;
		};
		FB7F92F02ED43EB100B0BD3E /* Build configuration list for PBXNativeTarget "SwiftWuwa" */ = {
			isa = XCConfigurationList;
			buildConfigurations = (
				FB7F92F12ED43EB100B0BD3E /* Debug */,
				FB7F92F22ED43EB100B0BD3E /* Release */,
			);
			defaultConfigurationIsVisible = 0;
			defaultConfigurationName = Release;
		};
		FB7F92F52ED43EB100B0BD3E /* Build configuration list for PBXNativeTarget "SwiftWuwaTests" */ = {
			isa = XCConfigurationList;
			buildConfigurations = (
				FB7F92F62ED43EB100B0BD3E /* Debug */,
				FB7F92F72ED43EB100B0BD3E /* Release */,
			);
			defaultConfigurationIsVisible = 0;
			defaultConfigurationName = Release;
		};
		FB7F92F82ED43EB100B0BD3E /* Build configuration list for PBXNativeTarget "SwiftWuwaUITests" */ = {
			isa = XCConfigurationList;
			buildConfigurations = (
				FB7F92F92ED43EB100B0BD3E /* Debug */,
				FB7F92FA2ED43EB100B0BD3E /* Release */,
			);
			defaultConfigurationIsVisible = 0;
			defaultConfigurationName = Release;
		};
/* End XCConfigurationList section */

/* Begin XCRemoteSwiftPackageReference section */
		FB6058862ED817EA00159CA1 /* XCRemoteSwiftPackageReference "Nuke" */ = {
			isa = XCRemoteSwiftPackageReference;
			repositoryURL = "https://github.com/kean/Nuke.git";
			requirement = {
				kind = upToNextMajorVersion;
				minimumVersion = 12.8.0;
			};
		};
		FB60588B2ED8224800159CA1 /* XCRemoteSwiftPackageReference "SDWebImageSwiftUI" */ = {
			isa = XCRemoteSwiftPackageReference;
			repositoryURL = "https://github.com/SDWebImage/SDWebImageSwiftUI.git";
			requirement = {
				kind = upToNextMajorVersion;
				minimumVersion = 3.1.4;
			};
		};
		FB7F92FB2ED43F1B00B0BD3E /* XCRemoteSwiftPackageReference "SwiftSoup" */ = {
			isa = XCRemoteSwiftPackageReference;
			repositoryURL = "https://github.com/scinfu/SwiftSoup.git";
			requirement = {
				kind = upToNextMajorVersion;
				minimumVersion = 2.11.1;
			};
		};
		FB7F93032ED43FC300B0BD3E /* XCRemoteSwiftPackageReference "Alamofire" */ = {
			isa = XCRemoteSwiftPackageReference;
			repositoryURL = "https://github.com/Alamofire/Alamofire.git";
			requirement = {
				kind = upToNextMajorVersion;
				minimumVersion = 5.10.2;
			};
		};
		FB7F93122ED45A4C00B0BD3E /* XCRemoteSwiftPackageReference "Kingfisher" */ = {
			isa = XCRemoteSwiftPackageReference;
			repositoryURL = "https://github.com/onevcat/Kingfisher.git";
			requirement = {
				kind = upToNextMajorVersion;
				minimumVersion = 8.6.2;
			};
		};
/* End XCRemoteSwiftPackageReference section */

/* Begin XCSwiftPackageProductDependency section */
		FB6058872ED817EA00159CA1 /* Nuke */ = {
			isa = XCSwiftPackageProductDependency;
			package = FB6058862ED817EA00159CA1 /* XCRemoteSwiftPackageReference "Nuke" */;
			productName = Nuke;
		};
		FB6058892ED817EA00159CA1 /* NukeUI */ = {
			isa = XCSwiftPackageProductDependency;
			package = FB6058862ED817EA00159CA1 /* XCRemoteSwiftPackageReference "Nuke" */;
			productName = NukeUI;
		};
		FB60588C2ED8224800159CA1 /* SDWebImageSwiftUI */ = {
			isa = XCSwiftPackageProductDependency;
			package = FB60588B2ED8224800159CA1 /* XCRemoteSwiftPackageReference "SDWebImageSwiftUI" */;
			productName = SDWebImageSwiftUI;
		};
		FB7F92FC2ED43F1B00B0BD3E /* SwiftSoup */ = {
			isa = XCSwiftPackageProductDependency;
			package = FB7F92FB2ED43F1B00B0BD3E /* XCRemoteSwiftPackageReference "SwiftSoup" */;
			productName = SwiftSoup;
		};
		FB7F93042ED43FC300B0BD3E /* Alamofire */ = {
			isa = XCSwiftPackageProductDependency;
			package = FB7F93032ED43FC300B0BD3E /* XCRemoteSwiftPackageReference "Alamofire" */;
			productName = Alamofire;
		};
		FB7F93132ED45A4C00B0BD3E /* Kingfisher */ = {
			isa = XCSwiftPackageProductDependency;
			package = FB7F93122ED45A4C00B0BD3E /* XCRemoteSwiftPackageReference "Kingfisher" */;
			productName = Kingfisher;
		};
/* End XCSwiftPackageProductDependency section */
	};
	rootObject = FB7F92C42ED43EAF00B0BD3E /* Project object */;
}
